// !$*UTF8*$!
{
	archiveVersion = 1;
	classes = {
	};
	objectVersion = 77;
	objects = {

/* Begin PBXContainerItemProxy section */
		D6EEEF062E41301D0083C3F5 /* PBXContainerItemProxy */ = {
			isa = PBXContainerItemProxy;
			containerPortal = D6EEEEF02E41301C0083C3F5 /* Project object */;
			proxyType = 1;
			remoteGlobalIDString = D6EEEEF72E41301C0083C3F5;
			remoteInfo = TrainingPdf;
		};
		D6EEEF102E41301E0083C3F5 /* PBXContainerItemProxy */ = {
			isa = PBXContainerItemProxy;
			containerPortal = D6EEEEF02E41301C0083C3F5 /* Project object */;
			proxyType = 1;
			remoteGlobalIDString = D6EEEEF72E41301C0083C3F5;
			remoteInfo = TrainingPdf;
		};
/* End PBXContainerItemProxy section */

/* Begin PBXFileReference section */
		D6EEEEF82E41301C0083C3F5 /* TrainingPdf.app */ = {isa = PBXFileReference; explicitFileType = wrapper.application; includeInIndex = 0; path = TrainingPdf.app; sourceTree = BUILT_PRODUCTS_DIR; };
		D6EEEF052E41301D0083C3F5 /* TrainingPdfTests.xctest */ = {isa = PBXFileReference; explicitFileType = wrapper.cfbundle; includeInIndex = 0; path = TrainingPdfTests.xctest; sourceTree = BUILT_PRODUCTS_DIR; };
		D6EEEF0F2E41301E0083C3F5 /* TrainingPdfUITests.xctest */ = {isa = PBXFileReference; explicitFileType = wrapper.cfbundle; includeInIndex = 0; path = TrainingPdfUITests.xctest; sourceTree = BUILT_PRODUCTS_DIR; };
/* End PBXFileReference section */

/* Begin PBXFileSystemSynchronizedRootGroup section */
		D6EEEEFA2E41301C0083C3F5 /* TrainingPdf */ = {
			isa = PBXFileSystemSynchronizedRootGroup;
			path = TrainingPdf;
			sourceTree = "<group>";
		};
		D6EEEF082E41301D0083C3F5 /* TrainingPdfTests */ = {
			isa = PBXFileSystemSynchronizedRootGroup;
			path = TrainingPdfTests;
			sourceTree = "<group>";
		};
		D6EEEF122E41301E0083C3F5 /* TrainingPdfUITests */ = {
			isa = PBXFileSystemSynchronizedRootGroup;
			path = TrainingPdfUITests;
			sourceTree = "<group>";
		};
/* End PBXFileSystemSynchronizedRootGroup section */

/* Begin PBXFrameworksBuildPhase section */
		D6EEEEF52E41301C0083C3F5 /* Frameworks */ = {
			isa = PBXFrameworksBuildPhase;
			buildActionMask = 2147483647;
			files = (
			);
			runOnlyForDeploymentPostprocessing = 0;
		};
		D6EEEF022E41301D0083C3F5 /* Frameworks */ = {
			isa = PBXFrameworksBuildPhase;
			buildActionMask = 2147483647;
			files = (
			);
			runOnlyForDeploymentPostprocessing = 0;
		};
		D6EEEF0C2E41301E0083C3F5 /* Frameworks */ = {
			isa = PBXFrameworksBuildPhase;
			buildActionMask = 2147483647;
			files = (
			);
			runOnlyForDeploymentPostprocessing = 0;
		};
/* End PBXFrameworksBuildPhase section */

/* Begin PBXGroup section */
		D6EEEEEF2E41301C0083C3F5 = {
			isa = PBXGroup;
			children = (
				D6EEEEFA2E41301C0083C3F5 /* TrainingPdf */,
				D6EEEF082E41301D0083C3F5 /* TrainingPdfTests */,
				D6EEEF122E41301E0083C3F5 /* TrainingPdfUITests */,
				D6EEEEF92E41301C0083C3F5 /* Products */,
			);
			sourceTree = "<group>";
		};
		D6EEEEF92E41301C0083C3F5 /* Products */ = {
			isa = PBXGroup;
			children = (
				D6EEEEF82E41301C0083C3F5 /* TrainingPdf.app */,
				D6EEEF052E41301D0083C3F5 /* TrainingPdfTests.xctest */,
				D6EEEF0F2E41301E0083C3F5 /* TrainingPdfUITests.xctest */,
			);
			name = Products;
			sourceTree = "<group>";
		};
/* End PBXGroup section */

/* Begin PBXNativeTarget section */
		D6EEEEF72E41301C0083C3F5 /* TrainingPdf */ = {
			isa = PBXNativeTarget;
			buildConfigurationList = D6EEEF192E41301E0083C3F5 /* Build configuration list for PBXNativeTarget "TrainingPdf" */;
			buildPhases = (
				D6EEEEF42E41301C0083C3F5 /* Sources */,
				D6EEEEF52E41301C0083C3F5 /* Frameworks */,
				D6EEEEF62E41301C0083C3F5 /* Resources */,
			);
			buildRules = (
			);
			dependencies = (
			);
			fileSystemSynchronizedGroups = (
				D6EEEEFA2E41301C0083C3F5 /* TrainingPdf */,
			);
			name = TrainingPdf;
			packageProductDependencies = (
			);
			productName = TrainingPdf;
			productReference = D6EEEEF82E41301C0083C3F5 /* TrainingPdf.app */;
			productType = "com.apple.product-type.application";
		};
		D6EEEF042E41301D0083C3F5 /* TrainingPdfTests */ = {
			isa = PBXNativeTarget;
			buildConfigurationList = D6EEEF1C2E41301E0083C3F5 /* Build configuration list for PBXNativeTarget "TrainingPdfTests" */;
			buildPhases = (
				D6EEEF012E41301D0083C3F5 /* Sources */,
				D6EEEF022E41301D0083C3F5 /* Frameworks */,
				D6EEEF032E41301D0083C3F5 /* Resources */,
			);
			buildRules = (
			);
			dependencies = (
				D6EEEF072E41301D0083C3F5 /* PBXTargetDependency */,
			);
			fileSystemSynchronizedGroups = (
				D6EEEF082E41301D0083C3F5 /* TrainingPdfTests */,
			);
			name = TrainingPdfTests;
			packageProductDependencies = (
			);
			productName = TrainingPdfTests;
			productReference = D6EEEF052E41301D0083C3F5 /* TrainingPdfTests.xctest */;
			productType = "com.apple.product-type.bundle.unit-test";
		};
		D6EEEF0E2E41301E0083C3F5 /* TrainingPdfUITests */ = {
			isa = PBXNativeTarget;
			buildConfigurationList = D6EEEF1F2E41301E0083C3F5 /* Build configuration list for PBXNativeTarget "TrainingPdfUITests" */;
			buildPhases = (
				D6EEEF0B2E41301E0083C3F5 /* Sources */,
				D6EEEF0C2E41301E0083C3F5 /* Frameworks */,
				D6EEEF0D2E41301E0083C3F5 /* Resources */,
			);
			buildRules = (
			);
			dependencies = (
				D6EEEF112E41301E0083C3F5 /* PBXTargetDependency */,
			);
			fileSystemSynchronizedGroups = (
				D6EEEF122E41301E0083C3F5 /* TrainingPdfUITests */,
			);
			name = TrainingPdfUITests;
			packageProductDependencies = (
			);
			productName = TrainingPdfUITests;
			productReference = D6EEEF0F2E41301E0083C3F5 /* TrainingPdfUITests.xctest */;
			productType = "com.apple.product-type.bundle.ui-testing";
		};
/* End PBXNativeTarget section */

/* Begin PBXProject section */
		D6EEEEF02E41301C0083C3F5 /* Project object */ = {
			isa = PBXProject;
			attributes = {
				BuildIndependentTargetsInParallel = 1;
				LastSwiftUpdateCheck = 1640;
				LastUpgradeCheck = 1640;
				TargetAttributes = {
					D6EEEEF72E41301C0083C3F5 = {
						CreatedOnToolsVersion = 16.4;
					};
					D6EEEF042E41301D0083C3F5 = {
						CreatedOnToolsVersion = 16.4;
						TestTargetID = D6EEEEF72E41301C0083C3F5;
					};
					D6EEEF0E2E41301E0083C3F5 = {
						CreatedOnToolsVersion = 16.4;
						TestTargetID = D6EEEEF72E41301C0083C3F5;
					};
				};
			};
			buildConfigurationList = D6EEEEF32E41301C0083C3F5 /* Build configuration list for PBXProject "TrainingPdf" */;
			developmentRegion = en;
			hasScannedForEncodings = 0;
			knownRegions = (
				en,
				Base,
			);
			mainGroup = D6EEEEEF2E41301C0083C3F5;
			minimizedProjectReferenceProxies = 1;
			preferredProjectObjectVersion = 77;
			productRefGroup = D6EEEEF92E41301C0083C3F5 /* Products */;
			projectDirPath = "";
			projectRoot = "";
			targets = (
				D6EEEEF72E41301C0083C3F5 /* TrainingPdf */,
				D6EEEF042E41301D0083C3F5 /* TrainingPdfTests */,
				D6EEEF0E2E41301E0083C3F5 /* TrainingPdfUITests */,
			);
		};
/* End PBXProject section */

/* Begin PBXResourcesBuildPhase section */
		D6EEEEF62E41301C0083C3F5 /* Resources */ = {
			isa = PBXResourcesBuildPhase;
			buildActionMask = 2147483647;
			files = (
			);
			runOnlyForDeploymentPostprocessing = 0;
		};
		D6EEEF032E41301D0083C3F5 /* Resources */ = {
			isa = PBXResourcesBuildPhase;
			buildActionMask = 2147483647;
			files = (
			);
			runOnlyForDeploymentPostprocessing = 0;
		};
		D6EEEF0D2E41301E0083C3F5 /* Resources */ = {
			isa = PBXResourcesBuildPhase;
			buildActionMask = 2147483647;
			files = (
			);
			runOnlyForDeploymentPostprocessing = 0;
		};
/* End PBXResourcesBuildPhase section */

/* Begin PBXSourcesBuildPhase section */
		D6EEEEF42E41301C0083C3F5 /* Sources */ = {
			isa = PBXSourcesBuildPhase;
			buildActionMask = 2147483647;
			files = (
			);
			runOnlyForDeploymentPostprocessing = 0;
		};
		D6EEEF012E41301D0083C3F5 /* Sources */ = {
			isa = PBXSourcesBuildPhase;
			buildActionMask = 2147483647;
			files = (
			);
			runOnlyForDeploymentPostprocessing = 0;
		};
		D6EEEF0B2E41301E0083C3F5 /* Sources */ = {
			isa = PBXSourcesBuildPhase;
			buildActionMask = 2147483647;
			files = (
			);
			runOnlyForDeploymentPostprocessing = 0;
		};
/* End PBXSourcesBuildPhase section */

/* Begin PBXTargetDependency section */
		D6EEEF072E41301D0083C3F5 /* PBXTargetDependency */ = {
			isa = PBXTargetDependency;
			target = D6EEEEF72E41301C0083C3F5 /* TrainingPdf */;
			targetProxy = D6EEEF062E41301D0083C3F5 /* PBXContainerItemProxy */;
		};
		D6EEEF112E41301E0083C3F5 /* PBXTargetDependency */ = {
			isa = PBXTargetDependency;
			target = D6EEEEF72E41301C0083C3F5 /* TrainingPdf */;
			targetProxy = D6EEEF102E41301E0083C3F5 /* PBXContainerItemProxy */;
		};
/* End PBXTargetDependency section */

/* Begin XCBuildConfiguration section */
		D6EEEF172E41301E0083C3F5 /* Debug */ = {
			isa = XCBuildConfiguration;
			buildSettings = {
				ALWAYS_SEARCH_USER_PATHS = NO;
				ASSETCATALOG_COMPILER_GENERATE_SWIFT_ASSET_SYMBOL_EXTENSIONS = YES;
				CLANG_ANALYZER_NONNULL = YES;
				CLANG_ANALYZER_NUMBER_OBJECT_CONVERSION = YES_AGGRESSIVE;
				CLANG_CXX_LANGUAGE_STANDARD = "gnu++20";
				CLANG_ENABLE_MODULES = YES;
				CLANG_ENABLE_OBJC_ARC = YES;
				CLANG_ENABLE_OBJC_WEAK = YES;
				CLANG_WARN_BLOCK_CAPTURE_AUTORELEASING = YES;
				CLANG_WARN_BOOL_CONVERSION = YES;
				CLANG_WARN_COMMA = YES;
				CLANG_WARN_CONSTANT_CONVERSION = YES;
				CLANG_WARN_DEPRECATED_OBJC_IMPLEMENTATIONS = YES;
				CLANG_WARN_DIRECT_OBJC_ISA_USAGE = YES_ERROR;
				CLANG_WARN_DOCUMENTATION_COMMENTS = YES;
				CLANG_WARN_EMPTY_BODY = YES;
				CLANG_WARN_ENUM_CONVERSION = YES;
				CLANG_WARN_INFINITE_RECURSION = YES;
				CLANG_WARN_INT_CONVERSION = YES;
				CLANG_WARN_NON_LITERAL_NULL_CONVERSION = YES;
				CLANG_WARN_OBJC_IMPLICIT_RETAIN_SELF = YES;
				CLANG_WARN_OBJC_LITERAL_CONVERSION = YES;
				CLANG_WARN_OBJC_ROOT_CLASS = YES_ERROR;
				CLANG_WARN_QUOTED_INCLUDE_IN_FRAMEWORK_HEADER = YES;
				CLANG_WARN_RANGE_LOOP_ANALYSIS = YES;
				CLANG_WARN_STRICT_PROTOTYPES = YES;
				CLANG_WARN_SUSPICIOUS_MOVE = YES;
				CLANG_WARN_UNGUARDED_AVAILABILITY = YES_AGGRESSIVE;
				CLANG_WARN_UNREACHABLE_CODE = YES;
				CLANG_WARN__DUPLICATE_METHOD_MATCH = YES;
				COPY_PHASE_STRIP = NO;
				DEBUG_INFORMATION_FORMAT = dwarf;
				ENABLE_STRICT_OBJC_MSGSEND = YES;
				ENABLE_TESTABILITY = YES;
				ENABLE_USER_SCRIPT_SANDBOXING = YES;
				GCC_C_LANGUAGE_STANDARD = gnu17;
				GCC_DYNAMIC_NO_PIC = NO;
				GCC_NO_COMMON_BLOCKS = YES;
				GCC_OPTIMIZATION_LEVEL = 0;
				GCC_PREPROCESSOR_DEFINITIONS = (
					"DEBUG=1",
					"$(inherited)",
				);
				GCC_WARN_64_TO_32_BIT_CONVERSION = YES;
				GCC_WARN_ABOUT_RETURN_TYPE = YES_ERROR;
				GCC_WARN_UNDECLARED_SELECTOR = YES;
				GCC_WARN_UNINITIALIZED_AUTOS = YES_AGGRESSIVE;
				GCC_WARN_UNUSED_FUNCTION = YES;
				GCC_WARN_UNUSED_VARIABLE = YES;
				IPHONEOS_DEPLOYMENT_TARGET = 18.5;
				LOCALIZATION_PREFERS_STRING_CATALOGS = YES;
				MTL_ENABLE_DEBUG_INFO = INCLUDE_SOURCE;
				MTL_FAST_MATH = YES;
				ONLY_ACTIVE_ARCH = YES;
				SDKROOT = iphoneos;
				SWIFT_ACTIVE_COMPILATION_CONDITIONS = "DEBUG $(inherited)";
				SWIFT_OPTIMIZATION_LEVEL = "-Onone";
			};
			name = Debug;
		};
		D6EEEF182E41301E0083C3F5 /* Release */ = {
			isa = XCBuildConfiguration;
			buildSettings = {
				ALWAYS_SEARCH_USER_PATHS = NO;
				ASSETCATALOG_COMPILER_GENERATE_SWIFT_ASSET_SYMBOL_EXTENSIONS = YES;
				CLANG_ANALYZER_NONNULL = YES;
				CLANG_ANALYZER_NUMBER_OBJECT_CONVERSION = YES_AGGRESSIVE;
				CLANG_CXX_LANGUAGE_STANDARD = "gnu++20";
				CLANG_ENABLE_MODULES = YES;
				CLANG_ENABLE_OBJC_ARC = YES;
				CLANG_ENABLE_OBJC_WEAK = YES;
				CLANG_WARN_BLOCK_CAPTURE_AUTORELEASING = YES;
				CLANG_WARN_BOOL_CONVERSION = YES;
				CLANG_WARN_COMMA = YES;
				CLANG_WARN_CONSTANT_CONVERSION = YES;
				CLANG_WARN_DEPRECATED_OBJC_IMPLEMENTATIONS = YES;
				CLANG_WARN_DIRECT_OBJC_ISA_USAGE = YES_ERROR;
				CLANG_WARN_DOCUMENTATION_COMMENTS = YES;
				CLANG_WARN_EMPTY_BODY = YES;
				CLANG_WARN_ENUM_CONVERSION = YES;
				CLANG_WARN_INFINITE_RECURSION = YES;
				CLANG_WARN_INT_CONVERSION = YES;
				CLANG_WARN_NON_LITERAL_NULL_CONVERSION = YES;
				CLANG_WARN_OBJC_IMPLICIT_RETAIN_SELF = YES;
				CLANG_WARN_OBJC_LITERAL_CONVERSION = YES;
				CLANG_WARN_OBJC_ROOT_CLASS = YES_ERROR;
				CLANG_WARN_QUOTED_INCLUDE_IN_FRAMEWORK_HEADER = YES;
				CLANG_WARN_RANGE_LOOP_ANALYSIS = YES;
				CLANG_WARN_STRICT_PROTOTYPES = YES;
				CLANG_WARN_SUSPICIOUS_MOVE = YES;
				CLANG_WARN_UNGUARDED_AVAILABILITY = YES_AGGRESSIVE;
				CLANG_WARN_UNREACHABLE_CODE = YES;
				CLANG_WARN__DUPLICATE_METHOD_MATCH = YES;
				COPY_PHASE_STRIP = NO;
				DEBUG_INFORMATION_FORMAT = "dwarf-with-dsym";
				ENABLE_NS_ASSERTIONS = NO;
				ENABLE_STRICT_OBJC_MSGSEND = YES;
				ENABLE_USER_SCRIPT_SANDBOXING = YES;
				GCC_C_LANGUAGE_STANDARD = gnu17;
				GCC_NO_COMMON_BLOCKS = YES;
				GCC_WARN_64_TO_32_BIT_CONVERSION = YES;
				GCC_WARN_ABOUT_RETURN_TYPE = YES_ERROR;
				GCC_WARN_UNDECLARED_SELECTOR = YES;
				GCC_WARN_UNINITIALIZED_AUTOS = YES_AGGRESSIVE;
				GCC_WARN_UNUSED_FUNCTION = YES;
				GCC_WARN_UNUSED_VARIABLE = YES;
				IPHONEOS_DEPLOYMENT_TARGET = 18.5;
				LOCALIZATION_PREFERS_STRING_CATALOGS = YES;
				MTL_ENABLE_DEBUG_INFO = NO;
				MTL_FAST_MATH = YES;
				SDKROOT = iphoneos;
				SWIFT_COMPILATION_MODE = wholemodule;
				VALIDATE_PRODUCT = YES;
			};
			name = Release;
		};
		D6EEEF1A2E41301E0083C3F5 /* Debug */ = {
			isa = XCBuildConfiguration;
			buildSettings = {
				ASSETCATALOG_COMPILER_APPICON_NAME = AppIcon;
				ASSETCATALOG_COMPILER_GLOBAL_ACCENT_COLOR_NAME = AccentColor;
				CODE_SIGN_STYLE = Manual;
				CURRENT_PROJECT_VERSION = 1;
				DEVELOPMENT_TEAM = "";
				ENABLE_PREVIEWS = YES;
				GENERATE_INFOPLIST_FILE = YES;
				INFOPLIST_KEY_UIApplicationSceneManifest_Generation = YES;
				INFOPLIST_KEY_UIApplicationSupportsIndirectInputEvents = YES;
				INFOPLIST_KEY_UILaunchScreen_Generation = YES;
				INFOPLIST_KEY_UISupportedInterfaceOrientations_iPad = "UIInterfaceOrientationPortrait UIInterfaceOrientationPortraitUpsideDown UIInterfaceOrientationLandscapeLeft UIInterfaceOrientationLandscapeRight";
				INFOPLIST_KEY_UISupportedInterfaceOrientations_iPhone = "UIInterfaceOrientationPortrait UIInterfaceOrientationLandscapeLeft UIInterfaceOrientationLandscapeRight";
				LD_RUNPATH_SEARCH_PATHS = (
					"$(inherited)",
					"@executable_path/Frameworks",
				);
				MARKETING_VERSION = 1.0;
				PRODUCT_BUNDLE_IDENTIFIER = joao.TrainingPdf;
				PRODUCT_NAME = "$(TARGET_NAME)";
				PROVISIONING_PROFILE_SPECIFIER = "";
				SWIFT_EMIT_LOC_STRINGS = YES;
				SWIFT_VERSION = 5.0;
				TARGETED_DEVICE_FAMILY = "1,2";
			};
			name = Debug;
		};
		D6EEEF1B2E41301E0083C3F5 /* Release */ = {
			isa = XCBuildConfiguration;
			buildSettings = {
				ASSETCATALOG_COMPILER_APPICON_NAME = AppIcon;
				ASSETCATALOG_COMPILER_GLOBAL_ACCENT_COLOR_NAME = AccentColor;
				CODE_SIGN_STYLE = Manual;
				CURRENT_PROJECT_VERSION = 1;
				DEVELOPMENT_TEAM = "";
				ENABLE_PREVIEWS = YES;
				GENERATE_INFOPLIST_FILE = YES;
				INFOPLIST_KEY_UIApplicationSceneManifest_Generation = YES;
				INFOPLIST_KEY_UIApplicationSupportsIndirectInputEvents = YES;
				INFOPLIST_KEY_UILaunchScreen_Generation = YES;
				INFOPLIST_KEY_UISupportedInterfaceOrientations_iPad = "UIInterfaceOrientationPortrait UIInterfaceOrientationPortraitUpsideDown UIInterfaceOrientationLandscapeLeft UIInterfaceOrientationLandscapeRight";
				INFOPLIST_KEY_UISupportedInterfaceOrientations_iPhone = "UIInterfaceOrientationPortrait UIInterfaceOrientationLandscapeLeft UIInterfaceOrientationLandscapeRight";
				LD_RUNPATH_SEARCH_PATHS = (
					"$(inherited)",
					"@executable_path/Frameworks",
				);
				MARKETING_VERSION = 1.0;
				PRODUCT_BUNDLE_IDENTIFIER = joao.TrainingPdf;
				PRODUCT_NAME = "$(TARGET_NAME)";
				PROVISIONING_PROFILE_SPECIFIER = "";
				SWIFT_EMIT_LOC_STRINGS = YES;
				SWIFT_VERSION = 5.0;
				TARGETED_DEVICE_FAMILY = "1,2";
			};
			name = Release;
		};
		D6EEEF1D2E41301E0083C3F5 /* Debug */ = {
			isa = XCBuildConfiguration;
			buildSettings = {
				BUNDLE_LOADER = "$(TEST_HOST)";
				CODE_SIGN_STYLE = Automatic;
				CURRENT_PROJECT_VERSION = 1;
				GENERATE_INFOPLIST_FILE = YES;
				IPHONEOS_DEPLOYMENT_TARGET = 18.5;
				MARKETING_VERSION = 1.0;
				PRODUCT_BUNDLE_IDENTIFIER = joao.TrainingPdfTests;
				PRODUCT_NAME = "$(TARGET_NAME)";
				SWIFT_EMIT_LOC_STRINGS = NO;
				SWIFT_VERSION = 5.0;
				TARGETED_DEVICE_FAMILY = "1,2";
				TEST_HOST = "$(BUILT_PRODUCTS_DIR)/TrainingPdf.app/$(BUNDLE_EXECUTABLE_FOLDER_PATH)/TrainingPdf";
			};
			name = Debug;
		};
		D6EEEF1E2E41301E0083C3F5 /* Release */ = {
			isa = XCBuildConfiguration;
			buildSettings = {
				BUNDLE_LOADER = "$(TEST_HOST)";
				CODE_SIGN_STYLE = Automatic;
				CURRENT_PROJECT_VERSION = 1;
				GENERATE_INFOPLIST_FILE = YES;
				IPHONEOS_DEPLOYMENT_TARGET = 18.5;
				MARKETING_VERSION = 1.0;
				PRODUCT_BUNDLE_IDENTIFIER = joao.TrainingPdfTests;
				PRODUCT_NAME = "$(TARGET_NAME)";
				SWIFT_EMIT_LOC_STRINGS = NO;
				SWIFT_VERSION = 5.0;
				TARGETED_DEVICE_FAMILY = "1,2";
				TEST_HOST = "$(BUILT_PRODUCTS_DIR)/TrainingPdf.app/$(BUNDLE_EXECUTABLE_FOLDER_PATH)/TrainingPdf";
			};
			name = Release;
		};
		D6EEEF202E41301E0083C3F5 /* Debug */ = {
			isa = XCBuildConfiguration;
			buildSettings = {
				CODE_SIGN_STYLE = Automatic;
				CURRENT_PROJECT_VERSION = 1;
				GENERATE_INFOPLIST_FILE = YES;
				MARKETING_VERSION = 1.0;
				PRODUCT_BUNDLE_IDENTIFIER = joao.TrainingPdfUITests;
				PRODUCT_NAME = "$(TARGET_NAME)";
				SWIFT_EMIT_LOC_STRINGS = NO;
				SWIFT_VERSION = 5.0;
				TARGETED_DEVICE_FAMILY = "1,2";
				TEST_TARGET_NAME = TrainingPdf;
			};
			name = Debug;
		};
		D6EEEF212E41301E0083C3F5 /* Release */ = {
			isa = XCBuildConfiguration;
			buildSettings = {
				CODE_SIGN_STYLE = Automatic;
				CURRENT_PROJECT_VERSION = 1;
				GENERATE_INFOPLIST_FILE = YES;
				MARKETING_VERSION = 1.0;
				PRODUCT_BUNDLE_IDENTIFIER = joao.TrainingPdfUITests;
				PRODUCT_NAME = "$(TARGET_NAME)";
				SWIFT_EMIT_LOC_STRINGS = NO;
				SWIFT_VERSION = 5.0;
				TARGETED_DEVICE_FAMILY = "1,2";
				TEST_TARGET_NAME = TrainingPdf;
			};
			name = Release;
		};
/* End XCBuildConfiguration section */

/* Begin XCConfigurationList section */
		D6EEEEF32E41301C0083C3F5 /* Build configuration list for PBXProject "TrainingPdf" */ = {
			isa = XCConfigurationList;
			buildConfigurations = (
				D6EEEF172E41301E0083C3F5 /* Debug */,
				D6EEEF182E41301E0083C3F5 /* Release */,
			);
			defaultConfigurationIsVisible = 0;
			defaultConfigurationName = Release;
		};
		D6EEEF192E41301E0083C3F5 /* Build configuration list for PBXNativeTarget "TrainingPdf" */ = {
			isa = XCConfigurationList;
			buildConfigurations = (
				D6EEEF1A2E41301E0083C3F5 /* Debug */,
				D6EEEF1B2E41301E0083C3F5 /* Release */,
			);
			defaultConfigurationIsVisible = 0;
			defaultConfigurationName = Release;
		};
		D6EEEF1C2E41301E0083C3F5 /* Build configuration list for PBXNativeTarget "TrainingPdfTests" */ = {
			isa = XCConfigurationList;
			buildConfigurations = (
				D6EEEF1D2E41301E0083C3F5 /* Debug */,
				D6EEEF1E2E41301E0083C3F5 /* Release */,
			);
			defaultConfigurationIsVisible = 0;
			defaultConfigurationName = Release;
		};
		D6EEEF1F2E41301E0083C3F5 /* Build configuration list for PBXNativeTarget "TrainingPdfUITests" */ = {
			isa = XCConfigurationList;
			buildConfigurations = (
				D6EEEF202E41301E0083C3F5 /* Debug */,
				D6EEEF212E41301E0083C3F5 /* Release */,
			);
			defaultConfigurationIsVisible = 0;
			defaultConfigurationName = Release;
		};
/* End XCConfigurationList section */
	};
	rootObject = D6EEEEF02E41301C0083C3F5 /* Project object */;
}
